
Microsoft Visual Studio Solution File, Format Version 12.00
# Visual Studio Version 16
VisualStudioVersion = 16.0.29920.165
MinimumVisualStudioVersion = 10.0.40219.1
Project("{FAE04EC0-301F-11D3-BF4B-00C04F79EFBC}") = "Course_9_1", "Course_9_1\Course_9_1.csproj", "{742738C1-55AF-430C-86C0-7B4998F8B8C3}"
EndProject
Global
	GlobalSection(SolutionConfigurationPlatforms) = preSolution
		Debug|Any CPU = Debug|Any CPU
		Release|Any CPU = Release|Any CPU
	EndGlobalSection
	GlobalSection(ProjectConfigurationPlatforms) = postSolution
		{742738C1-55AF-430C-86C0-7B4998F8B8C3}.Debug|Any CPU.ActiveCfg = Debug|Any CPU
		{742738C1-55AF-430C-86C0-7B4998F8B8C3}.Debug|Any CPU.Build.0 = Debug|Any CPU
		{742738C1-55AF-430C-86C0-7B4998F8B8C3}.Release|Any CPU.ActiveCfg = Release|Any CPU
		{742738C1-55AF-430C-86C0-7B4998F8B8C3}.Release|Any CPU.Build.0 = Release|Any CPU
	EndGlobalSection
	GlobalSection(SolutionProperties) = preSolution
		HideSolutionNode = FALSE
	EndGlobalSection
	GlobalSection(ExtensibilityGlobals) = postSolution
		SolutionGuid = {7599EA0A-A066-4041-874C-B551BAE3FB99}
	EndGlobalSection
EndGlobal
